{
  "name": "ahsanayaz",
  "version": "1.0.0",
  "lockfileVersion": 1,
  "requires": true,
  "dependencies": {
    "colorette": {
      "version": "1.0.7",
      "resolved": "https://registry.npmjs.org/colorette/-/colorette-1.0.7.tgz",
      "integrity": "sha512-KeK4klsvAgdODAjFPm6QLzvStizJqlxMBtVo4KQMCgk5tt/tf9rAzxmxLHNRynJg3tJjkKGKbHx3j4HLox27Lw=="
    }
  }
}
